<?xml version="1.0" encoding="UTF-8" standalone="yes" ?>
<CodeBlocks_project_file>
	<FileVersion major="1" minor="6" />
	<Project>
		<Option title="fantasy4x" />
		<Option pch_mode="2" />
		<Option compiler="gcc" />
		<Build>
			<Target title="debug">
				<Option output="../target/debug/fantasy4x" prefix_auto="1" extension_auto="1" />
				<Option working_dir="../target/debug/" />
				<Option object_output="../obj/debug/" />
				<Option type="1" />
				<Option compiler="gcc" />
				<Compiler>
					<Add option="-g" />
					<Add directory="../src/debug_mode" />
				</Compiler>
				<ExtraCommands>
					<Add after='cmd /c xcopy /e /y &quot;$(PROJECT_DIR)..\assets\*&quot; &quot;$(PROJECT_DIR)..\target\debug\&quot;' />
					<Add after='cmd /c xcopy /y &quot;$(PROJECT_DIR)..\SDL2\SDL2.dll&quot; &quot;$(PROJECT_DIR)..\target\debug\&quot;' />
					<Add after='cmd /c xcopy /y &quot;$(PROJECT_DIR)..\SDL2\SDL2_image.dll&quot; &quot;$(PROJECT_DIR)..\target\debug\&quot;' />
					<Add after='cmd /c xcopy /y &quot;$(PROJECT_DIR)..\SDL2\libpng16-16.dll&quot; &quot;$(PROJECT_DIR)..\target\debug\&quot;' />
					<Add after='cmd /c xcopy /y &quot;$(PROJECT_DIR)..\SDL2\zlib1.dll&quot; &quot;$(PROJECT_DIR)..\target\debug\&quot;' />
					<Mode after="always" />
				</ExtraCommands>
			</Target>
			<Target title="release">
				<Option output="../target/release/fantasy4x" prefix_auto="1" extension_auto="1" />
				<Option working_dir="../target/release/" />
				<Option object_output="../obj/release/" />
				<Option type="1" />
				<Option compiler="gcc" />
				<Compiler>
					<Add option="-O2" />
					<Add directory="../src/release_mode" />
				</Compiler>
				<Linker>
					<Add option="-s" />
				</Linker>
				<ExtraCommands>
					<Add after='cmd /c xcopy /e /y &quot;$(PROJECT_DIR)..\assets\*&quot; &quot;$(PROJECT_DIR)..\target\release\&quot;' />
					<Add after='cmd /c xcopy /y &quot;$(PROJECT_DIR)..\SDL2\SDL2.dll&quot; &quot;$(PROJECT_DIR)..\target\release\&quot;' />
					<Add after='cmd /c xcopy /y &quot;$(PROJECT_DIR)..\SDL2\SDL2_image.dll&quot; &quot;$(PROJECT_DIR)..\target\release\&quot;' />
					<Add after='cmd /c xcopy /y &quot;$(PROJECT_DIR)..\SDL2\libpng16-16.dll&quot; &quot;$(PROJECT_DIR)..\target\release\&quot;' />
					<Add after='cmd /c xcopy /y &quot;$(PROJECT_DIR)..\SDL2\zlib1.dll&quot; &quot;$(PROJECT_DIR)..\target\release\&quot;' />
					<Mode after="always" />
				</ExtraCommands>
			</Target>
		</Build>
		<Compiler>
			<Add option="-Wshadow" />
			<Add option="-Winit-self" />
			<Add option="-Wredundant-decls" />
			<Add option="-Wundef" />
			<Add option="-Wfloat-equal" />
			<Add option="-Wunreachable-code" />
			<Add option="-Wmissing-declarations" />
			<Add option="-Wmissing-include-dirs" />
			<Add option="-Wmain" />
			<Add option="-pedantic-errors" />
			<Add option="-pedantic" />
			<Add option="-Wfatal-errors" />
			<Add option="-Wextra" />
			<Add option="-Wall" />
			<Add option="-std=c99" />
			<Add directory="../SDL2/include" />
		</Compiler>
		<Linker>
			<Add option="-lSDL2main -lSDL2 -lSDL2_image" />
			<Add directory="../SDL2/lib" />
		</Linker>
		<Unit filename="../src/api.c">
			<Option compilerVar="CC" />
		</Unit>
		<Unit filename="../src/api.h" />
		<Unit filename="../src/base.h" />
		<Unit filename="../src/cmn_data.c">
			<Option compilerVar="CC" />
		</Unit>
		<Unit filename="../src/cmn_data.h" />
		<Unit filename="../src/cmn_utils.c">
			<Option compilerVar="CC" />
		</Unit>
		<Unit filename="../src/cmn_utils.h" />
		<Unit filename="../src/colors.c">
			<Option compilerVar="CC" />
		</Unit>
		<Unit filename="../src/colors.h" />
		<Unit filename="../src/input.c">
			<Option compilerVar="CC" />
		</Unit>
		<Unit filename="../src/input.h" />
		<Unit filename="../src/main.c">
			<Option compilerVar="CC" />
		</Unit>
		<Unit filename="../src/render.c">
			<Option compilerVar="CC" />
		</Unit>
		<Unit filename="../src/render.h" />
		<Extensions>
			<code_completion />
			<envvars />
			<debugger />
			<lib_finder disable_auto="1" />
		</Extensions>
	</Project>
</CodeBlocks_project_file>
